// !$*UTF8*$!
{
	archiveVersion = 1;
	classes = {
	};
	objectVersion = 54;
	objects = {

/* Begin PBXBuildFile section */
		B552F94B2041C3760051D05B /* NSString+ResponseString.m in Sources */ = {isa = PBXBuildFile; fileRef = B552F94A2041C3760051D05B /* NSString+ResponseString.m */; };
		B5B5509E2031113800039AC5 /* ServerController.m in Sources */ = {isa = PBXBuildFile; fileRef = B5B5509C2031113700039AC5 /* ServerController.m */; };
		B5B550A3203113CE00039AC5 /* Handler.m in Sources */ = {isa = PBXBuildFile; fileRef = B5B550A2203113CE00039AC5 /* Handler.m */; };
		B5B550A6203113F800039AC5 /* LogHandler.m in Sources */ = {isa = PBXBuildFile; fileRef = B5B550A5203113F800039AC5 /* LogHandler.m */; };
		B5B550A92031140A00039AC5 /* SettingsHandler.m in Sources */ = {isa = PBXBuildFile; fileRef = B5B550A82031140A00039AC5 /* SettingsHandler.m */; };
		B5B550AF2031157B00039AC5 /* PutController.m in Sources */ = {isa = PBXBuildFile; fileRef = B5B550AE2031157B00039AC5 /* PutController.m */; };
		B5B550B22031159D00039AC5 /* Controller.m in Sources */ = {isa = PBXBuildFile; fileRef = B5B550B12031159D00039AC5 /* Controller.m */; };
		B5D6D57D2030F8810006A399 /* main.m in Sources */ = {isa = PBXBuildFile; fileRef = B5D6D57C2030F8810006A399 /* main.m */; };
/* End PBXBuildFile section */

/* Begin PBXCopyFilesBuildPhase section */
		B5D6D5772030F8810006A399 /* CopyFiles */ = {
			isa = PBXCopyFilesBuildPhase;
			buildActionMask = 2147483647;
			dstPath = /usr/share/man/man1/;
			dstSubfolderSpec = 0;
			files = (
			);
			runOnlyForDeploymentPostprocessing = 1;
		};
/* End PBXCopyFilesBuildPhase section */

/* Begin PBXFileReference section */
		B552F9492041C3750051D05B /* NSString+ResponseString.h */ = {isa = PBXFileReference; fileEncoding = 4; lastKnownFileType = sourcecode.c.h; path = "NSString+ResponseString.h"; sourceTree = "<group>"; };
		B552F94A2041C3760051D05B /* NSString+ResponseString.m */ = {isa = PBXFileReference; fileEncoding = 4; lastKnownFileType = sourcecode.c.objc; path = "NSString+ResponseString.m"; sourceTree = "<group>"; };
		B552F94D204236E10051D05B /* query.T175.txt */ = {isa = PBXFileReference; lastKnownFileType = text; path = query.T175.txt; sourceTree = "<group>"; };
		B5B5509C2031113700039AC5 /* ServerController.m */ = {isa = PBXFileReference; fileEncoding = 4; lastKnownFileType = sourcecode.c.objc; path = ServerController.m; sourceTree = "<group>"; };
		B5B5509D2031113700039AC5 /* ServerController.h */ = {isa = PBXFileReference; fileEncoding = 4; lastKnownFileType = sourcecode.c.h; path = ServerController.h; sourceTree = "<group>"; };
		B5B550A1203113CE00039AC5 /* Handler.h */ = {isa = PBXFileReference; lastKnownFileType = sourcecode.c.h; path = Handler.h; sourceTree = "<group>"; };
		B5B550A2203113CE00039AC5 /* Handler.m */ = {isa = PBXFileReference; lastKnownFileType = sourcecode.c.objc; path = Handler.m; sourceTree = "<group>"; };
		B5B550A4203113F800039AC5 /* LogHandler.h */ = {isa = PBXFileReference; lastKnownFileType = sourcecode.c.h; path = LogHandler.h; sourceTree = "<group>"; };
		B5B550A5203113F800039AC5 /* LogHandler.m */ = {isa = PBXFileReference; lastKnownFileType = sourcecode.c.objc; path = LogHandler.m; sourceTree = "<group>"; };
		B5B550A72031140A00039AC5 /* SettingsHandler.h */ = {isa = PBXFileReference; lastKnownFileType = sourcecode.c.h; path = SettingsHandler.h; sourceTree = "<group>"; };
		B5B550A82031140A00039AC5 /* SettingsHandler.m */ = {isa = PBXFileReference; lastKnownFileType = sourcecode.c.objc; path = SettingsHandler.m; sourceTree = "<group>"; };
		B5B550AD2031157B00039AC5 /* PutController.h */ = {isa = PBXFileReference; lastKnownFileType = sourcecode.c.h; path = PutController.h; sourceTree = "<group>"; };
		B5B550AE2031157B00039AC5 /* PutController.m */ = {isa = PBXFileReference; lastKnownFileType = sourcecode.c.objc; path = PutController.m; sourceTree = "<group>"; };
		B5B550B02031159D00039AC5 /* Controller.h */ = {isa = PBXFileReference; lastKnownFileType = sourcecode.c.h; path = Controller.h; sourceTree = "<group>"; };
		B5B550B12031159D00039AC5 /* Controller.m */ = {isa = PBXFileReference; lastKnownFileType = sourcecode.c.objc; path = Controller.m; sourceTree = "<group>"; };
		B5D6D5792030F8810006A399 /* nadip */ = {isa = PBXFileReference; explicitFileType = "compiled.mach-o.executable"; includeInIndex = 0; path = nadip; sourceTree = BUILT_PRODUCTS_DIR; };
		B5D6D57C2030F8810006A399 /* main.m */ = {isa = PBXFileReference; lastKnownFileType = sourcecode.c.objc; path = main.m; sourceTree = "<group>"; };
		B5D6D5832030FFE70006A399 /* README */ = {isa = PBXFileReference; fileEncoding = 4; lastKnownFileType = text; path = README; sourceTree = "<group>"; };
		B5D6D5842030FFE70006A399 /* LICENSE */ = {isa = PBXFileReference; fileEncoding = 4; lastKnownFileType = text; path = LICENSE; sourceTree = "<group>"; };
/* End PBXFileReference section */

/* Begin PBXFrameworksBuildPhase section */
		B5D6D5762030F8810006A399 /* Frameworks */ = {
			isa = PBXFrameworksBuildPhase;
			buildActionMask = 2147483647;
			files = (
			);
			runOnlyForDeploymentPostprocessing = 0;
		};
/* End PBXFrameworksBuildPhase section */

/* Begin PBXGroup section */
		B5B5509F2031114200039AC5 /* Controllers */ = {
			isa = PBXGroup;
			children = (
				B5B550B02031159D00039AC5 /* Controller.h */,
				B5B550B12031159D00039AC5 /* Controller.m */,
				B5B550AD2031157B00039AC5 /* PutController.h */,
				B5B550AE2031157B00039AC5 /* PutController.m */,
				B5B5509D2031113700039AC5 /* ServerController.h */,
				B5B5509C2031113700039AC5 /* ServerController.m */,
			);
			path = Controllers;
			sourceTree = "<group>";
		};
		B5B550A02031115500039AC5 /* Handlers */ = {
			isa = PBXGroup;
			children = (
				B552F9492041C3750051D05B /* NSString+ResponseString.h */,
				B552F94A2041C3760051D05B /* NSString+ResponseString.m */,
				B5B550A1203113CE00039AC5 /* Handler.h */,
				B5B550A2203113CE00039AC5 /* Handler.m */,
				B5B550A4203113F800039AC5 /* LogHandler.h */,
				B5B550A5203113F800039AC5 /* LogHandler.m */,
				B5B550A72031140A00039AC5 /* SettingsHandler.h */,
				B5B550A82031140A00039AC5 /* SettingsHandler.m */,
			);
			path = Handlers;
			sourceTree = "<group>";
		};
		B5D6D5702030F8810006A399 = {
			isa = PBXGroup;
			children = (
				B5D6D5842030FFE70006A399 /* LICENSE */,
				B5D6D5832030FFE70006A399 /* README */,
				B552F94D204236E10051D05B /* query.T175.txt */,
				B5D6D57B2030F8810006A399 /* nadip */,
				B5D6D57A2030F8810006A399 /* Products */,
			);
			sourceTree = "<group>";
		};
		B5D6D57A2030F8810006A399 /* Products */ = {
			isa = PBXGroup;
			children = (
				B5D6D5792030F8810006A399 /* nadip */,
			);
			name = Products;
			sourceTree = "<group>";
		};
		B5D6D57B2030F8810006A399 /* nadip */ = {
			isa = PBXGroup;
			children = (
				B5B5509F2031114200039AC5 /* Controllers */,
				B5B550A02031115500039AC5 /* Handlers */,
				B5D6D57C2030F8810006A399 /* main.m */,
			);
			path = nadip;
			sourceTree = "<group>";
		};
/* End PBXGroup section */

/* Begin PBXNativeTarget section */
		B5D6D5782030F8810006A399 /* nadip */ = {
			isa = PBXNativeTarget;
			buildConfigurationList = B5D6D5802030F8810006A399 /* Build configuration list for PBXNativeTarget "nadip" */;
			buildPhases = (
				B5D6D5752030F8810006A399 /* Sources */,
				B5D6D5762030F8810006A399 /* Frameworks */,
				B5D6D5772030F8810006A399 /* CopyFiles */,
			);
			buildRules = (
			);
			dependencies = (
			);
			name = nadip;
			productName = nadip;
			productReference = B5D6D5792030F8810006A399 /* nadip */;
			productType = "com.apple.product-type.tool";
		};
/* End PBXNativeTarget section */

/* Begin PBXProject section */
		B5D6D5712030F8810006A399 /* Project object */ = {
			isa = PBXProject;
			attributes = {
				BuildIndependentTargetsInParallel = YES;
				LastUpgradeCheck = 1620;
				ORGANIZATIONNAME = "Pete Maiser";
				TargetAttributes = {
					B5D6D5782030F8810006A399 = {
						CreatedOnToolsVersion = 9.1;
						ProvisioningStyle = Automatic;
					};
				};
			};
			buildConfigurationList = B5D6D5742030F8810006A399 /* Build configuration list for PBXProject "nadip" */;
			compatibilityVersion = "Xcode 8.0";
			developmentRegion = en;
			hasScannedForEncodings = 0;
			knownRegions = (
				en,
				Base,
			);
			mainGroup = B5D6D5702030F8810006A399;
			productRefGroup = B5D6D57A2030F8810006A399 /* Products */;
			projectDirPath = "";
			projectRoot = "";
			targets = (
				B5D6D5782030F8810006A399 /* nadip */,
			);
		};
/* End PBXProject section */

/* Begin PBXSourcesBuildPhase section */
		B5D6D5752030F8810006A399 /* Sources */ = {
			isa = PBXSourcesBuildPhase;
			buildActionMask = 2147483647;
			files = (
				B5D6D57D2030F8810006A399 /* main.m in Sources */,
				B5B550AF2031157B00039AC5 /* PutController.m in Sources */,
				B5B550B22031159D00039AC5 /* Controller.m in Sources */,
				B5B550A3203113CE00039AC5 /* Handler.m in Sources */,
				B5B550A6203113F800039AC5 /* LogHandler.m in Sources */,
				B552F94B2041C3760051D05B /* NSString+ResponseString.m in Sources */,
				B5B5509E2031113800039AC5 /* ServerController.m in Sources */,
				B5B550A92031140A00039AC5 /* SettingsHandler.m in Sources */,
			);
			runOnlyForDeploymentPostprocessing = 0;
		};
/* End PBXSourcesBuildPhase section */

/* Begin XCBuildConfiguration section */
		B5D6D57E2030F8810006A399 /* Debug */ = {
			isa = XCBuildConfiguration;
			buildSettings = {
				ALWAYS_SEARCH_USER_PATHS = NO;
				CLANG_ANALYZER_NONNULL = YES;
				CLANG_ANALYZER_NUMBER_OBJECT_CONVERSION = YES_AGGRESSIVE;
				CLANG_CXX_LANGUAGE_STANDARD = "gnu++14";
				CLANG_CXX_LIBRARY = "libc++";
				CLANG_ENABLE_MODULES = YES;
				CLANG_ENABLE_OBJC_ARC = YES;
				CLANG_WARN_BLOCK_CAPTURE_AUTORELEASING = YES;
				CLANG_WARN_BOOL_CONVERSION = YES;
				CLANG_WARN_COMMA = YES;
				CLANG_WARN_CONSTANT_CONVERSION = YES;
				CLANG_WARN_DEPRECATED_OBJC_IMPLEMENTATIONS = YES;
				CLANG_WARN_DIRECT_OBJC_ISA_USAGE = YES_ERROR;
				CLANG_WARN_DOCUMENTATION_COMMENTS = YES;
				CLANG_WARN_EMPTY_BODY = YES;
				CLANG_WARN_ENUM_CONVERSION = YES;
				CLANG_WARN_INFINITE_RECURSION = YES;
				CLANG_WARN_INT_CONVERSION = YES;
				CLANG_WARN_NON_LITERAL_NULL_CONVERSION = YES;
				CLANG_WARN_OBJC_IMPLICIT_RETAIN_SELF = YES;
				CLANG_WARN_OBJC_LITERAL_CONVERSION = YES;
				CLANG_WARN_OBJC_ROOT_CLASS = YES_ERROR;
				CLANG_WARN_QUOTED_INCLUDE_IN_FRAMEWORK_HEADER = YES;
				CLANG_WARN_RANGE_LOOP_ANALYSIS = YES;
				CLANG_WARN_STRICT_PROTOTYPES = YES;
				CLANG_WARN_SUSPICIOUS_MOVE = YES;
				CLANG_WARN_UNGUARDED_AVAILABILITY = YES_AGGRESSIVE;
				CLANG_WARN_UNREACHABLE_CODE = YES;
				CLANG_WARN__DUPLICATE_METHOD_MATCH = YES;
				CODE_SIGN_IDENTITY = "Mac Developer";
				COPY_PHASE_STRIP = NO;
				DEAD_CODE_STRIPPING = YES;
				DEBUG_INFORMATION_FORMAT = dwarf;
				ENABLE_STRICT_OBJC_MSGSEND = YES;
				ENABLE_TESTABILITY = YES;
				ENABLE_USER_SCRIPT_SANDBOXING = YES;
				GCC_C_LANGUAGE_STANDARD = gnu11;
				GCC_DYNAMIC_NO_PIC = NO;
				GCC_NO_COMMON_BLOCKS = YES;
				GCC_OPTIMIZATION_LEVEL = 0;
				GCC_PREPROCESSOR_DEFINITIONS = (
					"DEBUG=1",
					"$(inherited)",
				);
				GCC_WARN_64_TO_32_BIT_CONVERSION = YES;
				GCC_WARN_ABOUT_RETURN_TYPE = YES_ERROR;
				GCC_WARN_UNDECLARED_SELECTOR = YES;
				GCC_WARN_UNINITIALIZED_AUTOS = YES_AGGRESSIVE;
				GCC_WARN_UNUSED_FUNCTION = YES;
				GCC_WARN_UNUSED_VARIABLE = YES;
				MACOSX_DEPLOYMENT_TARGET = 10.13;
				MTL_ENABLE_DEBUG_INFO = YES;
				ONLY_ACTIVE_ARCH = YES;
				SDKROOT = macosx;
			};
			name = Debug;
		};
		B5D6D57F2030F8810006A399 /* Release */ = {
			isa = XCBuildConfiguration;
			buildSettings = {
				ALWAYS_SEARCH_USER_PATHS = NO;
				CLANG_ANALYZER_NONNULL = YES;
				CLANG_ANALYZER_NUMBER_OBJECT_CONVERSION = YES_AGGRESSIVE;
				CLANG_CXX_LANGUAGE_STANDARD = "gnu++14";
				CLANG_CXX_LIBRARY = "libc++";
				CLANG_ENABLE_MODULES = YES;
				CLANG_ENABLE_OBJC_ARC = YES;
				CLANG_WARN_BLOCK_CAPTURE_AUTORELEASING = YES;
				CLANG_WARN_BOOL_CONVERSION = YES;
				CLANG_WARN_COMMA = YES;
				CLANG_WARN_CONSTANT_CONVERSION = YES;
				CLANG_WARN_DEPRECATED_OBJC_IMPLEMENTATIONS = YES;
				CLANG_WARN_DIRECT_OBJC_ISA_USAGE = YES_ERROR;
				CLANG_WARN_DOCUMENTATION_COMMENTS = YES;
				CLANG_WARN_EMPTY_BODY = YES;
				CLANG_WARN_ENUM_CONVERSION = YES;
				CLANG_WARN_INFINITE_RECURSION = YES;
				CLANG_WARN_INT_CONVERSION = YES;
				CLANG_WARN_NON_LITERAL_NULL_CONVERSION = YES;
				CLANG_WARN_OBJC_IMPLICIT_RETAIN_SELF = YES;
				CLANG_WARN_OBJC_LITERAL_CONVERSION = YES;
				CLANG_WARN_OBJC_ROOT_CLASS = YES_ERROR;
				CLANG_WARN_QUOTED_INCLUDE_IN_FRAMEWORK_HEADER = YES;
				CLANG_WARN_RANGE_LOOP_ANALYSIS = YES;
				CLANG_WARN_STRICT_PROTOTYPES = YES;
				CLANG_WARN_SUSPICIOUS_MOVE = YES;
				CLANG_WARN_UNGUARDED_AVAILABILITY = YES_AGGRESSIVE;
				CLANG_WARN_UNREACHABLE_CODE = YES;
				CLANG_WARN__DUPLICATE_METHOD_MATCH = YES;
				CODE_SIGN_IDENTITY = "Mac Developer";
				COPY_PHASE_STRIP = NO;
				DEAD_CODE_STRIPPING = YES;
				DEBUG_INFORMATION_FORMAT = "dwarf-with-dsym";
				ENABLE_NS_ASSERTIONS = NO;
				ENABLE_STRICT_OBJC_MSGSEND = YES;
				ENABLE_USER_SCRIPT_SANDBOXING = YES;
				GCC_C_LANGUAGE_STANDARD = gnu11;
				GCC_NO_COMMON_BLOCKS = YES;
				GCC_WARN_64_TO_32_BIT_CONVERSION = YES;
				GCC_WARN_ABOUT_RETURN_TYPE = YES_ERROR;
				GCC_WARN_UNDECLARED_SELECTOR = YES;
				GCC_WARN_UNINITIALIZED_AUTOS = YES_AGGRESSIVE;
				GCC_WARN_UNUSED_FUNCTION = YES;
				GCC_WARN_UNUSED_VARIABLE = YES;
				MACOSX_DEPLOYMENT_TARGET = 10.13;
				MTL_ENABLE_DEBUG_INFO = NO;
				SDKROOT = macosx;
			};
			name = Release;
		};
		B5D6D5812030F8810006A399 /* Debug */ = {
			isa = XCBuildConfiguration;
			buildSettings = {
				CODE_SIGN_STYLE = Automatic;
				DEAD_CODE_STRIPPING = YES;
				DEVELOPMENT_TEAM = 5M3EYN9AZR;
				MACOSX_DEPLOYMENT_TARGET = 11.5;
				PRODUCT_NAME = "$(TARGET_NAME)";
			};
			name = Debug;
		};
		B5D6D5822030F8810006A399 /* Release */ = {
			isa = XCBuildConfiguration;
			buildSettings = {
				CODE_SIGN_STYLE = Automatic;
				DEAD_CODE_STRIPPING = YES;
				DEVELOPMENT_TEAM = 5M3EYN9AZR;
				MACOSX_DEPLOYMENT_TARGET = 11.5;
				PRODUCT_NAME = "$(TARGET_NAME)";
			};
			name = Release;
		};
/* End XCBuildConfiguration section */

/* Begin XCConfigurationList section */
		B5D6D5742030F8810006A399 /* Build configuration list for PBXProject "nadip" */ = {
			isa = XCConfigurationList;
			buildConfigurations = (
				B5D6D57E2030F8810006A399 /* Debug */,
				B5D6D57F2030F8810006A399 /* Release */,
			);
			defaultConfigurationIsVisible = 0;
			defaultConfigurationName = Release;
		};
		B5D6D5802030F8810006A399 /* Build configuration list for PBXNativeTarget "nadip" */ = {
			isa = XCConfigurationList;
			buildConfigurations = (
				B5D6D5812030F8810006A399 /* Debug */,
				B5D6D5822030F8810006A399 /* Release */,
			);
			defaultConfigurationIsVisible = 0;
			defaultConfigurationName = Release;
		};
/* End XCConfigurationList section */
	};
	rootObject = B5D6D5712030F8810006A399 /* Project object */;
}
